
Microsoft Visual Studio Solution File, Format Version 12.00
# Visual Studio Version 17
VisualStudioVersion = 17.11.35327.3
MinimumVisualStudioVersion = 10.0.40219.1
Project("{FAE04EC0-301F-11D3-BF4B-00C04F79EFBC}") = "WorkPartner", "WorkPartner\WorkPartner.csproj", "{6A858937-3C6C-42E3-9822-635D3A99BE2E}"
EndProject
Project("{54435603-DBB4-11D2-8724-00A0C9A8B90C}") = "TimePartner", "TimePartner\TimePartner.vdproj", "{CD7D3A75-BFE7-410B-B85A-8B4F2B5DA9C3}"
EndProject
Global
	GlobalSection(SolutionConfigurationPlatforms) = preSolution
		Debug|Any CPU = Debug|Any CPU
		Debug|x64 = Debug|x64
		Release|Any CPU = Release|Any CPU
		Release|x64 = Release|x64
	EndGlobalSection
	GlobalSection(ProjectConfigurationPlatforms) = postSolution
		{6A858937-3C6C-42E3-9822-635D3A99BE2E}.Debug|Any CPU.ActiveCfg = Debug|Any CPU
		{6A858937-3C6C-42E3-9822-635D3A99BE2E}.Debug|Any CPU.Build.0 = Debug|Any CPU
		{6A858937-3C6C-42E3-9822-635D3A99BE2E}.Debug|x64.ActiveCfg = Debug|x64
		{6A858937-3C6C-42E3-9822-635D3A99BE2E}.Debug|x64.Build.0 = Debug|x64
		{6A858937-3C6C-42E3-9822-635D3A99BE2E}.Release|Any CPU.ActiveCfg = Release|Any CPU
		{6A858937-3C6C-42E3-9822-635D3A99BE2E}.Release|Any CPU.Build.0 = Release|Any CPU
		{6A858937-3C6C-42E3-9822-635D3A99BE2E}.Release|x64.ActiveCfg = Release|x64
		{6A858937-3C6C-42E3-9822-635D3A99BE2E}.Release|x64.Build.0 = Release|x64
		{CD7D3A75-BFE7-410B-B85A-8B4F2B5DA9C3}.Debug|Any CPU.ActiveCfg = Debug
		{CD7D3A75-BFE7-410B-B85A-8B4F2B5DA9C3}.Debug|x64.ActiveCfg = Debug
		{CD7D3A75-BFE7-410B-B85A-8B4F2B5DA9C3}.Release|Any CPU.ActiveCfg = Release
		{CD7D3A75-BFE7-410B-B85A-8B4F2B5DA9C3}.Release|x64.ActiveCfg = Release
	EndGlobalSection
	GlobalSection(SolutionProperties) = preSolution
		HideSolutionNode = FALSE
	EndGlobalSection
	GlobalSection(ExtensibilityGlobals) = postSolution
		SolutionGuid = {E6D8AA50-8057-4FE2-9944-602B10ECA081}
	EndGlobalSection
EndGlobal
